// !$*UTF8*$!
{
	archiveVersion = 1;
	classes = {
	};
	objectVersion = 56;
	objects = {

/* Begin PBXBuildFile section */
		BC84A27C2B8CFF70007DE95E /* HomeVC.swift in Sources */ = {isa = PBXBuildFile; fileRef = BC84A27B2B8CFF70007DE95E /* HomeVC.swift */; };
		BC84A27E2B8D10D5007DE95E /* TabBarController.swift in Sources */ = {isa = PBXBuildFile; fileRef = BC84A27D2B8D10D5007DE95E /* TabBarController.swift */; };
		BC84A2802B8D1136007DE95E /* Settings.swift in Sources */ = {isa = PBXBuildFile; fileRef = BC84A27F2B8D1136007DE95E /* Settings.swift */; };
		BC887E742B87A47F0082756B /* AppDelegate.swift in Sources */ = {isa = PBXBuildFile; fileRef = BC887E732B87A47F0082756B /* AppDelegate.swift */; };
		BC887E762B87A47F0082756B /* SceneDelegate.swift in Sources */ = {isa = PBXBuildFile; fileRef = BC887E752B87A47F0082756B /* SceneDelegate.swift */; };
		BC887E7D2B87A4810082756B /* Assets.xcassets in Resources */ = {isa = PBXBuildFile; fileRef = BC887E7C2B87A4810082756B /* Assets.xcassets */; };
		BC887E802B87A4810082756B /* LaunchScreen.storyboard in Resources */ = {isa = PBXBuildFile; fileRef = BC887E7E2B87A4810082756B /* LaunchScreen.storyboard */; };
		BCB7E7A52B8F924D004CA87B /* NetworkManager.swift in Sources */ = {isa = PBXBuildFile; fileRef = BCB7E7A42B8F924D004CA87B /* NetworkManager.swift */; };
		BCB7E7A72B8F9778004CA87B /* APIConstans.swift in Sources */ = {isa = PBXBuildFile; fileRef = BCB7E7A62B8F9778004CA87B /* APIConstans.swift */; };
		BCB7E7B82B8FAB42004CA87B /* Alamofire in Frameworks */ = {isa = PBXBuildFile; productRef = BCB7E7B72B8FAB42004CA87B /* Alamofire */; };
		BCB7E7BB2B90EE50004CA87B /* MovieRandom.swift in Sources */ = {isa = PBXBuildFile; fileRef = BCB7E7BA2B90EE50004CA87B /* MovieRandom.swift */; };
		BCB7E7BE2B935DB6004CA87B /* MovieRandomViewCell.swift in Sources */ = {isa = PBXBuildFile; fileRef = BCB7E7BD2B935DB6004CA87B /* MovieRandomViewCell.swift */; };
/* End PBXBuildFile section */

/* Begin PBXFileReference section */
		BC84A27B2B8CFF70007DE95E /* HomeVC.swift */ = {isa = PBXFileReference; lastKnownFileType = sourcecode.swift; path = HomeVC.swift; sourceTree = "<group>"; };
		BC84A27D2B8D10D5007DE95E /* TabBarController.swift */ = {isa = PBXFileReference; lastKnownFileType = sourcecode.swift; path = TabBarController.swift; sourceTree = "<group>"; };
		BC84A27F2B8D1136007DE95E /* Settings.swift */ = {isa = PBXFileReference; lastKnownFileType = sourcecode.swift; path = Settings.swift; sourceTree = "<group>"; };
		BC887E702B87A47F0082756B /* kinopoisk.app */ = {isa = PBXFileReference; explicitFileType = wrapper.application; includeInIndex = 0; path = kinopoisk.app; sourceTree = BUILT_PRODUCTS_DIR; };
		BC887E732B87A47F0082756B /* AppDelegate.swift */ = {isa = PBXFileReference; lastKnownFileType = sourcecode.swift; path = AppDelegate.swift; sourceTree = "<group>"; };
		BC887E752B87A47F0082756B /* SceneDelegate.swift */ = {isa = PBXFileReference; lastKnownFileType = sourcecode.swift; path = SceneDelegate.swift; sourceTree = "<group>"; };
		BC887E7C2B87A4810082756B /* Assets.xcassets */ = {isa = PBXFileReference; lastKnownFileType = folder.assetcatalog; path = Assets.xcassets; sourceTree = "<group>"; };
		BC887E7F2B87A4810082756B /* Base */ = {isa = PBXFileReference; lastKnownFileType = file.storyboard; name = Base; path = Base.lproj/LaunchScreen.storyboard; sourceTree = "<group>"; };
		BC887E812B87A4810082756B /* Info.plist */ = {isa = PBXFileReference; lastKnownFileType = text.plist.xml; path = Info.plist; sourceTree = "<group>"; };
		BCB7E7A42B8F924D004CA87B /* NetworkManager.swift */ = {isa = PBXFileReference; lastKnownFileType = sourcecode.swift; path = NetworkManager.swift; sourceTree = "<group>"; };
		BCB7E7A62B8F9778004CA87B /* APIConstans.swift */ = {isa = PBXFileReference; lastKnownFileType = sourcecode.swift; path = APIConstans.swift; sourceTree = "<group>"; };
		BCB7E7BA2B90EE50004CA87B /* MovieRandom.swift */ = {isa = PBXFileReference; lastKnownFileType = sourcecode.swift; path = MovieRandom.swift; sourceTree = "<group>"; };
		BCB7E7BD2B935DB6004CA87B /* MovieRandomViewCell.swift */ = {isa = PBXFileReference; lastKnownFileType = sourcecode.swift; path = MovieRandomViewCell.swift; sourceTree = "<group>"; };
/* End PBXFileReference section */

/* Begin PBXFrameworksBuildPhase section */
		BC887E6D2B87A47F0082756B /* Frameworks */ = {
			isa = PBXFrameworksBuildPhase;
			buildActionMask = 2147483647;
			files = (
				BCB7E7B82B8FAB42004CA87B /* Alamofire in Frameworks */,
			);
			runOnlyForDeploymentPostprocessing = 0;
		};
/* End PBXFrameworksBuildPhase section */

/* Begin PBXGroup section */
		BC887E672B87A47F0082756B = {
			isa = PBXGroup;
			children = (
				BC887E722B87A47F0082756B /* kinopoisk */,
				BC887E712B87A47F0082756B /* Products */,
			);
			sourceTree = "<group>";
		};
		BC887E712B87A47F0082756B /* Products */ = {
			isa = PBXGroup;
			children = (
				BC887E702B87A47F0082756B /* kinopoisk.app */,
			);
			name = Products;
			sourceTree = "<group>";
		};
		BC887E722B87A47F0082756B /* kinopoisk */ = {
			isa = PBXGroup;
			children = (
				BCB7E7A32B8F922F004CA87B /* NetworkManager */,
				BC887E872B87A4C80082756B /* Model */,
				BC887E882B87A4CD0082756B /* View */,
				BCB7E7A82B8F9A5D004CA87B /* ViewModel */,
				BC887E892B87A4D40082756B /* Controller */,
				BC887E8A2B87A4E80082756B /* AppDelegate */,
				BC887E8B2B87A5330082756B /* Assets */,
				BC887E812B87A4810082756B /* Info.plist */,
			);
			path = kinopoisk;
			sourceTree = "<group>";
		};
		BC887E872B87A4C80082756B /* Model */ = {
			isa = PBXGroup;
			children = (
				BCB7E7B92B90EE2D004CA87B /* MovieRandom */,
				BCB7E7A92B8F9B11004CA87B /* APIConstants */,
			);
			path = Model;
			sourceTree = "<group>";
		};
		BC887E882B87A4CD0082756B /* View */ = {
			isa = PBXGroup;
			children = (
				BC887E7E2B87A4810082756B /* LaunchScreen.storyboard */,
			);
			path = View;
			sourceTree = "<group>";
		};
		BC887E892B87A4D40082756B /* Controller */ = {
			isa = PBXGroup;
			children = (
				BCB7E7BC2B935D6F004CA87B /* Cell */,
				BC84A27B2B8CFF70007DE95E /* HomeVC.swift */,
				BC84A27F2B8D1136007DE95E /* Settings.swift */,
				BC84A27D2B8D10D5007DE95E /* TabBarController.swift */,
			);
			path = Controller;
			sourceTree = "<group>";
		};
		BC887E8A2B87A4E80082756B /* AppDelegate */ = {
			isa = PBXGroup;
			children = (
				BC887E732B87A47F0082756B /* AppDelegate.swift */,
				BC887E752B87A47F0082756B /* SceneDelegate.swift */,
			);
			path = AppDelegate;
			sourceTree = "<group>";
		};
		BC887E8B2B87A5330082756B /* Assets */ = {
			isa = PBXGroup;
			children = (
				BC887E7C2B87A4810082756B /* Assets.xcassets */,
			);
			path = Assets;
			sourceTree = "<group>";
		};
		BCB7E7A32B8F922F004CA87B /* NetworkManager */ = {
			isa = PBXGroup;
			children = (
				BCB7E7A42B8F924D004CA87B /* NetworkManager.swift */,
			);
			path = NetworkManager;
			sourceTree = "<group>";
		};
		BCB7E7A82B8F9A5D004CA87B /* ViewModel */ = {
			isa = PBXGroup;
			children = (
			);
			path = ViewModel;
			sourceTree = "<group>";
		};
		BCB7E7A92B8F9B11004CA87B /* APIConstants */ = {
			isa = PBXGroup;
			children = (
				BCB7E7A62B8F9778004CA87B /* APIConstans.swift */,
			);
			path = APIConstants;
			sourceTree = "<group>";
		};
		BCB7E7B92B90EE2D004CA87B /* MovieRandom */ = {
			isa = PBXGroup;
			children = (
				BCB7E7BA2B90EE50004CA87B /* MovieRandom.swift */,
			);
			path = MovieRandom;
			sourceTree = "<group>";
		};
		BCB7E7BC2B935D6F004CA87B /* Cell */ = {
			isa = PBXGroup;
			children = (
				BCB7E7BD2B935DB6004CA87B /* MovieRandomViewCell.swift */,
			);
			path = Cell;
			sourceTree = "<group>";
		};
/* End PBXGroup section */

/* Begin PBXNativeTarget section */
		BC887E6F2B87A47F0082756B /* kinopoisk */ = {
			isa = PBXNativeTarget;
			buildConfigurationList = BC887E842B87A4810082756B /* Build configuration list for PBXNativeTarget "kinopoisk" */;
			buildPhases = (
				BC887E6C2B87A47F0082756B /* Sources */,
				BC887E6D2B87A47F0082756B /* Frameworks */,
				BC887E6E2B87A47F0082756B /* Resources */,
			);
			buildRules = (
			);
			dependencies = (
			);
			name = kinopoisk;
			packageProductDependencies = (
				BCB7E7B72B8FAB42004CA87B /* Alamofire */,
			);
			productName = kinopoisk;
			productReference = BC887E702B87A47F0082756B /* kinopoisk.app */;
			productType = "com.apple.product-type.application";
		};
/* End PBXNativeTarget section */

/* Begin PBXProject section */
		BC887E682B87A47F0082756B /* Project object */ = {
			isa = PBXProject;
			attributes = {
				BuildIndependentTargetsInParallel = 1;
				LastSwiftUpdateCheck = 1520;
				LastUpgradeCheck = 1520;
				TargetAttributes = {
					BC887E6F2B87A47F0082756B = {
						CreatedOnToolsVersion = 15.2;
					};
				};
			};
			buildConfigurationList = BC887E6B2B87A47F0082756B /* Build configuration list for PBXProject "kinopoisk" */;
			compatibilityVersion = "Xcode 14.0";
			developmentRegion = en;
			hasScannedForEncodings = 0;
			knownRegions = (
				en,
				Base,
			);
			mainGroup = BC887E672B87A47F0082756B;
			packageReferences = (
				BCB7E7B62B8FAB42004CA87B /* XCRemoteSwiftPackageReference "Alamofire" */,
			);
			productRefGroup = BC887E712B87A47F0082756B /* Products */;
			projectDirPath = "";
			projectRoot = "";
			targets = (
				BC887E6F2B87A47F0082756B /* kinopoisk */,
			);
		};
/* End PBXProject section */

/* Begin PBXResourcesBuildPhase section */
		BC887E6E2B87A47F0082756B /* Resources */ = {
			isa = PBXResourcesBuildPhase;
			buildActionMask = 2147483647;
			files = (
				BC887E802B87A4810082756B /* LaunchScreen.storyboard in Resources */,
				BC887E7D2B87A4810082756B /* Assets.xcassets in Resources */,
			);
			runOnlyForDeploymentPostprocessing = 0;
		};
/* End PBXResourcesBuildPhase section */

/* Begin PBXSourcesBuildPhase section */
		BC887E6C2B87A47F0082756B /* Sources */ = {
			isa = PBXSourcesBuildPhase;
			buildActionMask = 2147483647;
			files = (
				BCB7E7A52B8F924D004CA87B /* NetworkManager.swift in Sources */,
				BC84A27C2B8CFF70007DE95E /* HomeVC.swift in Sources */,
				BCB7E7BE2B935DB6004CA87B /* MovieRandomViewCell.swift in Sources */,
				BC84A27E2B8D10D5007DE95E /* TabBarController.swift in Sources */,
				BCB7E7A72B8F9778004CA87B /* APIConstans.swift in Sources */,
				BC887E742B87A47F0082756B /* AppDelegate.swift in Sources */,
				BCB7E7BB2B90EE50004CA87B /* MovieRandom.swift in Sources */,
				BC887E762B87A47F0082756B /* SceneDelegate.swift in Sources */,
				BC84A2802B8D1136007DE95E /* Settings.swift in Sources */,
			);
			runOnlyForDeploymentPostprocessing = 0;
		};
/* End PBXSourcesBuildPhase section */

/* Begin PBXVariantGroup section */
		BC887E7E2B87A4810082756B /* LaunchScreen.storyboard */ = {
			isa = PBXVariantGroup;
			children = (
				BC887E7F2B87A4810082756B /* Base */,
			);
			name = LaunchScreen.storyboard;
			sourceTree = "<group>";
		};
/* End PBXVariantGroup section */

/* Begin XCBuildConfiguration section */
		BC887E822B87A4810082756B /* Debug */ = {
			isa = XCBuildConfiguration;
			buildSettings = {
				ALWAYS_SEARCH_USER_PATHS = NO;
				ASSETCATALOG_COMPILER_GENERATE_SWIFT_ASSET_SYMBOL_EXTENSIONS = YES;
				CLANG_ANALYZER_NONNULL = YES;
				CLANG_ANALYZER_NUMBER_OBJECT_CONVERSION = YES_AGGRESSIVE;
				CLANG_CXX_LANGUAGE_STANDARD = "gnu++20";
				CLANG_ENABLE_MODULES = YES;
				CLANG_ENABLE_OBJC_ARC = YES;
				CLANG_ENABLE_OBJC_WEAK = YES;
				CLANG_WARN_BLOCK_CAPTURE_AUTORELEASING = YES;
				CLANG_WARN_BOOL_CONVERSION = YES;
				CLANG_WARN_COMMA = YES;
				CLANG_WARN_CONSTANT_CONVERSION = YES;
				CLANG_WARN_DEPRECATED_OBJC_IMPLEMENTATIONS = YES;
				CLANG_WARN_DIRECT_OBJC_ISA_USAGE = YES_ERROR;
				CLANG_WARN_DOCUMENTATION_COMMENTS = YES;
				CLANG_WARN_EMPTY_BODY = YES;
				CLANG_WARN_ENUM_CONVERSION = YES;
				CLANG_WARN_INFINITE_RECURSION = YES;
				CLANG_WARN_INT_CONVERSION = YES;
				CLANG_WARN_NON_LITERAL_NULL_CONVERSION = YES;
				CLANG_WARN_OBJC_IMPLICIT_RETAIN_SELF = YES;
				CLANG_WARN_OBJC_LITERAL_CONVERSION = YES;
				CLANG_WARN_OBJC_ROOT_CLASS = YES_ERROR;
				CLANG_WARN_QUOTED_INCLUDE_IN_FRAMEWORK_HEADER = YES;
				CLANG_WARN_RANGE_LOOP_ANALYSIS = YES;
				CLANG_WARN_STRICT_PROTOTYPES = YES;
				CLANG_WARN_SUSPICIOUS_MOVE = YES;
				CLANG_WARN_UNGUARDED_AVAILABILITY = YES_AGGRESSIVE;
				CLANG_WARN_UNREACHABLE_CODE = YES;
				CLANG_WARN__DUPLICATE_METHOD_MATCH = YES;
				COPY_PHASE_STRIP = NO;
				DEBUG_INFORMATION_FORMAT = dwarf;
				ENABLE_STRICT_OBJC_MSGSEND = YES;
				ENABLE_TESTABILITY = YES;
				ENABLE_USER_SCRIPT_SANDBOXING = YES;
				GCC_C_LANGUAGE_STANDARD = gnu17;
				GCC_DYNAMIC_NO_PIC = NO;
				GCC_NO_COMMON_BLOCKS = YES;
				GCC_OPTIMIZATION_LEVEL = 0;
				GCC_PREPROCESSOR_DEFINITIONS = (
					"DEBUG=1",
					"$(inherited)",
				);
				GCC_WARN_64_TO_32_BIT_CONVERSION = YES;
				GCC_WARN_ABOUT_RETURN_TYPE = YES_ERROR;
				GCC_WARN_UNDECLARED_SELECTOR = YES;
				GCC_WARN_UNINITIALIZED_AUTOS = YES_AGGRESSIVE;
				GCC_WARN_UNUSED_FUNCTION = YES;
				GCC_WARN_UNUSED_VARIABLE = YES;
				IPHONEOS_DEPLOYMENT_TARGET = 17.2;
				LOCALIZATION_PREFERS_STRING_CATALOGS = YES;
				MTL_ENABLE_DEBUG_INFO = INCLUDE_SOURCE;
				MTL_FAST_MATH = YES;
				ONLY_ACTIVE_ARCH = YES;
				SDKROOT = iphoneos;
				SWIFT_ACTIVE_COMPILATION_CONDITIONS = "DEBUG $(inherited)";
				SWIFT_OPTIMIZATION_LEVEL = "-Onone";
			};
			name = Debug;
		};
		BC887E832B87A4810082756B /* Release */ = {
			isa = XCBuildConfiguration;
			buildSettings = {
				ALWAYS_SEARCH_USER_PATHS = NO;
				ASSETCATALOG_COMPILER_GENERATE_SWIFT_ASSET_SYMBOL_EXTENSIONS = YES;
				CLANG_ANALYZER_NONNULL = YES;
				CLANG_ANALYZER_NUMBER_OBJECT_CONVERSION = YES_AGGRESSIVE;
				CLANG_CXX_LANGUAGE_STANDARD = "gnu++20";
				CLANG_ENABLE_MODULES = YES;
				CLANG_ENABLE_OBJC_ARC = YES;
				CLANG_ENABLE_OBJC_WEAK = YES;
				CLANG_WARN_BLOCK_CAPTURE_AUTORELEASING = YES;
				CLANG_WARN_BOOL_CONVERSION = YES;
				CLANG_WARN_COMMA = YES;
				CLANG_WARN_CONSTANT_CONVERSION = YES;
				CLANG_WARN_DEPRECATED_OBJC_IMPLEMENTATIONS = YES;
				CLANG_WARN_DIRECT_OBJC_ISA_USAGE = YES_ERROR;
				CLANG_WARN_DOCUMENTATION_COMMENTS = YES;
				CLANG_WARN_EMPTY_BODY = YES;
				CLANG_WARN_ENUM_CONVERSION = YES;
				CLANG_WARN_INFINITE_RECURSION = YES;
				CLANG_WARN_INT_CONVERSION = YES;
				CLANG_WARN_NON_LITERAL_NULL_CONVERSION = YES;
				CLANG_WARN_OBJC_IMPLICIT_RETAIN_SELF = YES;
				CLANG_WARN_OBJC_LITERAL_CONVERSION = YES;
				CLANG_WARN_OBJC_ROOT_CLASS = YES_ERROR;
				CLANG_WARN_QUOTED_INCLUDE_IN_FRAMEWORK_HEADER = YES;
				CLANG_WARN_RANGE_LOOP_ANALYSIS = YES;
				CLANG_WARN_STRICT_PROTOTYPES = YES;
				CLANG_WARN_SUSPICIOUS_MOVE = YES;
				CLANG_WARN_UNGUARDED_AVAILABILITY = YES_AGGRESSIVE;
				CLANG_WARN_UNREACHABLE_CODE = YES;
				CLANG_WARN__DUPLICATE_METHOD_MATCH = YES;
				COPY_PHASE_STRIP = NO;
				DEBUG_INFORMATION_FORMAT = "dwarf-with-dsym";
				ENABLE_NS_ASSERTIONS = NO;
				ENABLE_STRICT_OBJC_MSGSEND = YES;
				ENABLE_USER_SCRIPT_SANDBOXING = YES;
				GCC_C_LANGUAGE_STANDARD = gnu17;
				GCC_NO_COMMON_BLOCKS = YES;
				GCC_WARN_64_TO_32_BIT_CONVERSION = YES;
				GCC_WARN_ABOUT_RETURN_TYPE = YES_ERROR;
				GCC_WARN_UNDECLARED_SELECTOR = YES;
				GCC_WARN_UNINITIALIZED_AUTOS = YES_AGGRESSIVE;
				GCC_WARN_UNUSED_FUNCTION = YES;
				GCC_WARN_UNUSED_VARIABLE = YES;
				IPHONEOS_DEPLOYMENT_TARGET = 17.2;
				LOCALIZATION_PREFERS_STRING_CATALOGS = YES;
				MTL_ENABLE_DEBUG_INFO = NO;
				MTL_FAST_MATH = YES;
				SDKROOT = iphoneos;
				SWIFT_COMPILATION_MODE = wholemodule;
				VALIDATE_PRODUCT = YES;
			};
			name = Release;
		};
		BC887E852B87A4810082756B /* Debug */ = {
			isa = XCBuildConfiguration;
			buildSettings = {
				ASSETCATALOG_COMPILER_APPICON_NAME = AppIcon;
				ASSETCATALOG_COMPILER_GLOBAL_ACCENT_COLOR_NAME = AccentColor;
				CODE_SIGN_STYLE = Automatic;
				CURRENT_PROJECT_VERSION = 1;
				DEVELOPMENT_TEAM = Y5C952D945;
				GENERATE_INFOPLIST_FILE = YES;
				INFOPLIST_FILE = kinopoisk/Info.plist;
				INFOPLIST_KEY_UIApplicationSupportsIndirectInputEvents = YES;
				INFOPLIST_KEY_UILaunchStoryboardName = LaunchScreen;
				INFOPLIST_KEY_UIMainStoryboardFile = "";
				INFOPLIST_KEY_UISupportedInterfaceOrientations_iPad = "UIInterfaceOrientationPortrait UIInterfaceOrientationPortraitUpsideDown UIInterfaceOrientationLandscapeLeft UIInterfaceOrientationLandscapeRight";
				INFOPLIST_KEY_UISupportedInterfaceOrientations_iPhone = "UIInterfaceOrientationPortrait UIInterfaceOrientationLandscapeLeft UIInterfaceOrientationLandscapeRight";
				LD_RUNPATH_SEARCH_PATHS = (
					"$(inherited)",
					"@executable_path/Frameworks",
				);
				MARKETING_VERSION = 1.0;
				PRODUCT_BUNDLE_IDENTIFIER = kinopoisk.kinopoisk;
				PRODUCT_NAME = "$(TARGET_NAME)";
				SUPPORTED_PLATFORMS = "iphoneos iphonesimulator";
				SUPPORTS_MACCATALYST = NO;
				SUPPORTS_MAC_DESIGNED_FOR_IPHONE_IPAD = NO;
				SUPPORTS_XR_DESIGNED_FOR_IPHONE_IPAD = NO;
				SWIFT_EMIT_LOC_STRINGS = YES;
				SWIFT_VERSION = 5.0;
				TARGETED_DEVICE_FAMILY = 1;
			};
			name = Debug;
		};
		BC887E862B87A4810082756B /* Release */ = {
			isa = XCBuildConfiguration;
			buildSettings = {
				ASSETCATALOG_COMPILER_APPICON_NAME = AppIcon;
				ASSETCATALOG_COMPILER_GLOBAL_ACCENT_COLOR_NAME = AccentColor;
				CODE_SIGN_STYLE = Automatic;
				CURRENT_PROJECT_VERSION = 1;
				DEVELOPMENT_TEAM = Y5C952D945;
				GENERATE_INFOPLIST_FILE = YES;
				INFOPLIST_FILE = kinopoisk/Info.plist;
				INFOPLIST_KEY_UIApplicationSupportsIndirectInputEvents = YES;
				INFOPLIST_KEY_UILaunchStoryboardName = LaunchScreen;
				INFOPLIST_KEY_UIMainStoryboardFile = "";
				INFOPLIST_KEY_UISupportedInterfaceOrientations_iPad = "UIInterfaceOrientationPortrait UIInterfaceOrientationPortraitUpsideDown UIInterfaceOrientationLandscapeLeft UIInterfaceOrientationLandscapeRight";
				INFOPLIST_KEY_UISupportedInterfaceOrientations_iPhone = "UIInterfaceOrientationPortrait UIInterfaceOrientationLandscapeLeft UIInterfaceOrientationLandscapeRight";
				LD_RUNPATH_SEARCH_PATHS = (
					"$(inherited)",
					"@executable_path/Frameworks",
				);
				MARKETING_VERSION = 1.0;
				PRODUCT_BUNDLE_IDENTIFIER = kinopoisk.kinopoisk;
				PRODUCT_NAME = "$(TARGET_NAME)";
				SUPPORTED_PLATFORMS = "iphoneos iphonesimulator";
				SUPPORTS_MACCATALYST = NO;
				SUPPORTS_MAC_DESIGNED_FOR_IPHONE_IPAD = NO;
				SUPPORTS_XR_DESIGNED_FOR_IPHONE_IPAD = NO;
				SWIFT_EMIT_LOC_STRINGS = YES;
				SWIFT_VERSION = 5.0;
				TARGETED_DEVICE_FAMILY = 1;
			};
			name = Release;
		};
/* End XCBuildConfiguration section */

/* Begin XCConfigurationList section */
		BC887E6B2B87A47F0082756B /* Build configuration list for PBXProject "kinopoisk" */ = {
			isa = XCConfigurationList;
			buildConfigurations = (
				BC887E822B87A4810082756B /* Debug */,
				BC887E832B87A4810082756B /* Release */,
			);
			defaultConfigurationIsVisible = 0;
			defaultConfigurationName = Release;
		};
		BC887E842B87A4810082756B /* Build configuration list for PBXNativeTarget "kinopoisk" */ = {
			isa = XCConfigurationList;
			buildConfigurations = (
				BC887E852B87A4810082756B /* Debug */,
				BC887E862B87A4810082756B /* Release */,
			);
			defaultConfigurationIsVisible = 0;
			defaultConfigurationName = Release;
		};
/* End XCConfigurationList section */

/* Begin XCRemoteSwiftPackageReference section */
		BCB7E7B62B8FAB42004CA87B /* XCRemoteSwiftPackageReference "Alamofire" */ = {
			isa = XCRemoteSwiftPackageReference;
			repositoryURL = "https://github.com/Alamofire/Alamofire.git";
			requirement = {
				kind = upToNextMajorVersion;
				minimumVersion = 5.8.1;
			};
		};
/* End XCRemoteSwiftPackageReference section */

/* Begin XCSwiftPackageProductDependency section */
		BCB7E7B72B8FAB42004CA87B /* Alamofire */ = {
			isa = XCSwiftPackageProductDependency;
			package = BCB7E7B62B8FAB42004CA87B /* XCRemoteSwiftPackageReference "Alamofire" */;
			productName = Alamofire;
		};
/* End XCSwiftPackageProductDependency section */
	};
	rootObject = BC887E682B87A47F0082756B /* Project object */;
}
